{
    "_readme": [
        "This file locks the dependencies of your project to a known state",
        "Read more about it at https://getcomposer.org/doc/01-basic-usage.md#installing-dependencies",
        "This file is @generated automatically"
    ],
    "content-hash": "53928faa1c063ad75a70eae598adb14d",
    "packages": [
        {
            "name": "massfice/service",
            "version": "v1.0.3",
            "source": {
                "type": "git",
                "url": "https://github.com/Massfice/service.git",
                "reference": "4f0f606be5744ab559c378b112fae85f3cfce424"
            },
            "dist": {
                "type": "zip",
                "url": "https://api.github.com/repos/Massfice/service/zipball/4f0f606be5744ab559c378b112fae85f3cfce424",
                "reference": "4f0f606be5744ab559c378b112fae85f3cfce424",
                "shasum": ""
            },
            "type": "library",
            "autoload": {
                "psr-4": {
                    "Massfice\\Service\\": "src/"
                }
            },
            "notification-url": "https://packagist.org/downloads/",
            "license": [
                "MIT"
            ],
            "authors": [
                {
                    "name": "Massfice",
                    "email": "adrian.marian.tomasz.larysz@gmail.com"
                }
            ],
            "description": "Services package for my diploma project.",
            "time": "2020-02-19T05:52:46+00:00"
        }
    ],
    "packages-dev": [],
    "aliases": [],
    "minimum-stability": "stable",
    "stability-flags": [],
    "prefer-stable": false,
    "prefer-lowest": false,
    "platform": [],
    "platform-dev": []
}
